{
    "_readme": [
        "This file locks the dependencies of your project to a known state",
        "Read more about it at https://getcomposer.org/doc/01-basic-usage.md#installing-dependencies",
        "This file is @generated automatically"
    ],
    "content-hash": "88467f69a7c6729edf6838f730ca28c5",
    "packages": [
        {
            "name": "selcom/selcom-apigw-client",
            "version": "v1.0.5",
            "source": {
                "type": "git",
                "url": "https://github.com/selcompaytechltd/selcom-apigw-client-php.git",
                "reference": "3192f3691c388034b91873867266f7adfcb98dc0"
            },
            "dist": {
                "type": "zip",
                "url": "https://api.github.com/repos/selcompaytechltd/selcom-apigw-client-php/zipball/3192f3691c388034b91873867266f7adfcb98dc0",
                "reference": "3192f3691c388034b91873867266f7adfcb98dc0",
                "shasum": ""
            },
            "type": "library",
            "autoload": {
                "files": [
                    "src/apigwClient.php"
                ]
            },
            "notification-url": "https://packagist.org/downloads/",
            "authors": [
                {
                    "name": "dev",
                    "email": "dev@selcom.net"
                }
            ],
            "description": "Client library to help access selcom apis",
            "support": {
                "issues": "https://github.com/selcompaytechltd/selcom-apigw-client-php/issues",
                "source": "https://github.com/selcompaytechltd/selcom-apigw-client-php/tree/v1.0.5"
            },
            "time": "2023-02-27T06:25:09+00:00"
        }
    ],
    "packages-dev": [],
    "aliases": [],
    "minimum-stability": "stable",
    "stability-flags": {},
    "prefer-stable": false,
    "prefer-lowest": false,
    "platform": {},
    "platform-dev": {},
    "plugin-api-version": "2.9.0"
}
